
Microsoft Visual Studio Solution File, Format Version 12.00
# Visual Studio 15
VisualStudioVersion = 15.0.28307.705
MinimumVisualStudioVersion = 10.0.40219.1
Project("{FAE04EC0-301F-11D3-BF4B-00C04F79EFBC}") = "Delegates and Events", "Delegates and Events\Delegates and Events.csproj", "{EF7B00C7-67F7-41F8-ACE7-82E64C4D0E69}"
EndProject
Global
	GlobalSection(SolutionConfigurationPlatforms) = preSolution
		Debug|Any CPU = Debug|Any CPU
		Release|Any CPU = Release|Any CPU
	EndGlobalSection
	GlobalSection(ProjectConfigurationPlatforms) = postSolution
		{EF7B00C7-67F7-41F8-ACE7-82E64C4D0E69}.Debug|Any CPU.ActiveCfg = Debug|Any CPU
		{EF7B00C7-67F7-41F8-ACE7-82E64C4D0E69}.Debug|Any CPU.Build.0 = Debug|Any CPU
		{EF7B00C7-67F7-41F8-ACE7-82E64C4D0E69}.Release|Any CPU.ActiveCfg = Release|Any CPU
		{EF7B00C7-67F7-41F8-ACE7-82E64C4D0E69}.Release|Any CPU.Build.0 = Release|Any CPU
	EndGlobalSection
	GlobalSection(SolutionProperties) = preSolution
		HideSolutionNode = FALSE
	EndGlobalSection
	GlobalSection(ExtensibilityGlobals) = postSolution
		SolutionGuid = {83AD7D96-208E-4952-A0C0-881FA309C3B4}
	EndGlobalSection
EndGlobal
